
Microsoft Visual Studio Solution File, Format Version 12.00
# Visual Studio Version 17
VisualStudioVersion = 17.10.35027.167
MinimumVisualStudioVersion = 10.0.40219.1
Project("{9A19103F-16F7-4668-BE54-9A1E7A4F7556}") = "Worker", "Worker\Worker.csproj", "{2FCF747B-6A04-45F4-B266-ABE83E447770}"
EndProject
Project("{9A19103F-16F7-4668-BE54-9A1E7A4F7556}") = "Infrastructure.Sender", "Infrastructure.Sender\Infrastructure.Sender.csproj", "{27936C6A-E986-42C1-B9B8-16142C71FC91}"
EndProject
Project("{9A19103F-16F7-4668-BE54-9A1E7A4F7556}") = "Infrastructure.Brocker.Kafka.Consumer", "Infrastructure.Reader\Infrastructure.Brocker.Kafka.Consumer.csproj", "{C49240F3-C1B1-4614-985A-39E26666F56A}"
EndProject
Project("{9A19103F-16F7-4668-BE54-9A1E7A4F7556}") = "Application", "Application\Application.csproj", "{F6D9C88C-54BC-46A4-8A64-41196C2A1AA7}"
EndProject
Project("{9A19103F-16F7-4668-BE54-9A1E7A4F7556}") = "Domain", "Domain\Domain.csproj", "{F57A30E7-15AA-4272-96AF-475B063998FE}"
EndProject
Project("{9A19103F-16F7-4668-BE54-9A1E7A4F7556}") = "Persistense.Notifications.EFCore", "Notificator.Persistense\Persistense.Notifications.EFCore.csproj", "{4E42409E-EAB7-4C31-A646-5FC1DC947067}"
EndProject
Project("{9A19103F-16F7-4668-BE54-9A1E7A4F7556}") = "Common", "Common\Common.csproj", "{540CD811-9EAA-4167-A461-52CA301BBD8F}"
EndProject
Project("{9A19103F-16F7-4668-BE54-9A1E7A4F7556}") = "Persistense.Logging.InfluxDB", "Infrastructure.Logging.InfluexDB\Persistense.Logging.InfluxDB.csproj", "{00B6EE78-3356-4496-8A00-697984ADDA37}"
EndProject
Project("{9A19103F-16F7-4668-BE54-9A1E7A4F7556}") = "Infrastructure.Brocker.Kafka.Producer", "Infrastructure.Brocker.Kafka.Producer\Infrastructure.Brocker.Kafka.Producer.csproj", "{02BDD705-EAD8-4964-AB25-CD9A30F8387E}"
EndProject
Project("{9A19103F-16F7-4668-BE54-9A1E7A4F7556}") = "Infrastructure.Brocker.Kafka.Consumer.Service", "Infrastructure.Brocker.Kafka.Consumer.Service\Infrastructure.Brocker.Kafka.Consumer.Service.csproj", "{342C6594-CEB4-4697-8BE5-0B14A1EE9F83}"
EndProject
Project("{FAE04EC0-301F-11D3-BF4B-00C04F79EFBC}") = "Persistense.Notifications.Cache", "Persistense.Notifications.Cache\Persistense.Notifications.Cache.csproj", "{F7BEE85F-E295-4005-B3C9-554FA34856BD}"
EndProject
Global
	GlobalSection(SolutionConfigurationPlatforms) = preSolution
		Debug|Any CPU = Debug|Any CPU
		Release|Any CPU = Release|Any CPU
	EndGlobalSection
	GlobalSection(ProjectConfigurationPlatforms) = postSolution
		{2FCF747B-6A04-45F4-B266-ABE83E447770}.Debug|Any CPU.ActiveCfg = Debug|Any CPU
		{2FCF747B-6A04-45F4-B266-ABE83E447770}.Debug|Any CPU.Build.0 = Debug|Any CPU
		{2FCF747B-6A04-45F4-B266-ABE83E447770}.Release|Any CPU.ActiveCfg = Release|Any CPU
		{2FCF747B-6A04-45F4-B266-ABE83E447770}.Release|Any CPU.Build.0 = Release|Any CPU
		{27936C6A-E986-42C1-B9B8-16142C71FC91}.Debug|Any CPU.ActiveCfg = Debug|Any CPU
		{27936C6A-E986-42C1-B9B8-16142C71FC91}.Debug|Any CPU.Build.0 = Debug|Any CPU
		{27936C6A-E986-42C1-B9B8-16142C71FC91}.Release|Any CPU.ActiveCfg = Release|Any CPU
		{27936C6A-E986-42C1-B9B8-16142C71FC91}.Release|Any CPU.Build.0 = Release|Any CPU
		{C49240F3-C1B1-4614-985A-39E26666F56A}.Debug|Any CPU.ActiveCfg = Debug|Any CPU
		{C49240F3-C1B1-4614-985A-39E26666F56A}.Debug|Any CPU.Build.0 = Debug|Any CPU
		{C49240F3-C1B1-4614-985A-39E26666F56A}.Release|Any CPU.ActiveCfg = Release|Any CPU
		{C49240F3-C1B1-4614-985A-39E26666F56A}.Release|Any CPU.Build.0 = Release|Any CPU
		{F6D9C88C-54BC-46A4-8A64-41196C2A1AA7}.Debug|Any CPU.ActiveCfg = Debug|Any CPU
		{F6D9C88C-54BC-46A4-8A64-41196C2A1AA7}.Debug|Any CPU.Build.0 = Debug|Any CPU
		{F6D9C88C-54BC-46A4-8A64-41196C2A1AA7}.Release|Any CPU.ActiveCfg = Release|Any CPU
		{F6D9C88C-54BC-46A4-8A64-41196C2A1AA7}.Release|Any CPU.Build.0 = Release|Any CPU
		{F57A30E7-15AA-4272-96AF-475B063998FE}.Debug|Any CPU.ActiveCfg = Debug|Any CPU
		{F57A30E7-15AA-4272-96AF-475B063998FE}.Debug|Any CPU.Build.0 = Debug|Any CPU
		{F57A30E7-15AA-4272-96AF-475B063998FE}.Release|Any CPU.ActiveCfg = Release|Any CPU
		{F57A30E7-15AA-4272-96AF-475B063998FE}.Release|Any CPU.Build.0 = Release|Any CPU
		{4E42409E-EAB7-4C31-A646-5FC1DC947067}.Debug|Any CPU.ActiveCfg = Debug|Any CPU
		{4E42409E-EAB7-4C31-A646-5FC1DC947067}.Debug|Any CPU.Build.0 = Debug|Any CPU
		{4E42409E-EAB7-4C31-A646-5FC1DC947067}.Release|Any CPU.ActiveCfg = Release|Any CPU
		{4E42409E-EAB7-4C31-A646-5FC1DC947067}.Release|Any CPU.Build.0 = Release|Any CPU
		{540CD811-9EAA-4167-A461-52CA301BBD8F}.Debug|Any CPU.ActiveCfg = Debug|Any CPU
		{540CD811-9EAA-4167-A461-52CA301BBD8F}.Debug|Any CPU.Build.0 = Debug|Any CPU
		{540CD811-9EAA-4167-A461-52CA301BBD8F}.Release|Any CPU.ActiveCfg = Release|Any CPU
		{540CD811-9EAA-4167-A461-52CA301BBD8F}.Release|Any CPU.Build.0 = Release|Any CPU
		{00B6EE78-3356-4496-8A00-697984ADDA37}.Debug|Any CPU.ActiveCfg = Debug|Any CPU
		{00B6EE78-3356-4496-8A00-697984ADDA37}.Debug|Any CPU.Build.0 = Debug|Any CPU
		{00B6EE78-3356-4496-8A00-697984ADDA37}.Release|Any CPU.ActiveCfg = Release|Any CPU
		{00B6EE78-3356-4496-8A00-697984ADDA37}.Release|Any CPU.Build.0 = Release|Any CPU
		{02BDD705-EAD8-4964-AB25-CD9A30F8387E}.Debug|Any CPU.ActiveCfg = Debug|Any CPU
		{02BDD705-EAD8-4964-AB25-CD9A30F8387E}.Debug|Any CPU.Build.0 = Debug|Any CPU
		{02BDD705-EAD8-4964-AB25-CD9A30F8387E}.Release|Any CPU.ActiveCfg = Release|Any CPU
		{02BDD705-EAD8-4964-AB25-CD9A30F8387E}.Release|Any CPU.Build.0 = Release|Any CPU
		{342C6594-CEB4-4697-8BE5-0B14A1EE9F83}.Debug|Any CPU.ActiveCfg = Debug|Any CPU
		{342C6594-CEB4-4697-8BE5-0B14A1EE9F83}.Debug|Any CPU.Build.0 = Debug|Any CPU
		{342C6594-CEB4-4697-8BE5-0B14A1EE9F83}.Release|Any CPU.ActiveCfg = Release|Any CPU
		{342C6594-CEB4-4697-8BE5-0B14A1EE9F83}.Release|Any CPU.Build.0 = Release|Any CPU
		{F7BEE85F-E295-4005-B3C9-554FA34856BD}.Debug|Any CPU.ActiveCfg = Debug|Any CPU
		{F7BEE85F-E295-4005-B3C9-554FA34856BD}.Debug|Any CPU.Build.0 = Debug|Any CPU
		{F7BEE85F-E295-4005-B3C9-554FA34856BD}.Release|Any CPU.ActiveCfg = Release|Any CPU
		{F7BEE85F-E295-4005-B3C9-554FA34856BD}.Release|Any CPU.Build.0 = Release|Any CPU
	EndGlobalSection
	GlobalSection(SolutionProperties) = preSolution
		HideSolutionNode = FALSE
	EndGlobalSection
	GlobalSection(ExtensibilityGlobals) = postSolution
		SolutionGuid = {765779F6-A722-4220-A1C8-AA0E69D02639}
	EndGlobalSection
EndGlobal
